
Microsoft Visual Studio Solution File, Format Version 12.00
# Visual Studio Version 16
VisualStudioVersion = 16.0.32002.261
MinimumVisualStudioVersion = 10.0.40219.1
Project("{FAE04EC0-301F-11D3-BF4B-00C04F79EFBC}") = "Student.Entities", "Student\Student.Entities.csproj", "{8CC1E449-8D91-413E-9C43-1231FB09D30A}"
EndProject
Project("{FAE04EC0-301F-11D3-BF4B-00C04F79EFBC}") = "Student.PresentationLayer", "Student.PresentationLayer\Student.PresentationLayer.csproj", "{7F9898DE-75E1-4389-A65A-2D0B4556F76B}"
EndProject
Project("{FAE04EC0-301F-11D3-BF4B-00C04F79EFBC}") = "Student.Exceptions", "Student.Exceptions\Student.Exceptions.csproj", "{632ECD7A-E5C6-4F50-A27D-6758351D3101}"
EndProject
Project("{FAE04EC0-301F-11D3-BF4B-00C04F79EFBC}") = "Student.DataAccessLayer", "Student.DataAccessLayer\Student.DataAccessLayer.csproj", "{5CA2AC1A-02A9-44AD-91F6-1BAB6BD568E3}"
EndProject
Project("{FAE04EC0-301F-11D3-BF4B-00C04F79EFBC}") = "Student.BusinessLayer", "Student.BusinessLayer\Student.BusinessLayer.csproj", "{CEDE5952-8DF0-4A35-8B02-A576D881D8EC}"
EndProject
Global
	GlobalSection(SolutionConfigurationPlatforms) = preSolution
		Debug|Any CPU = Debug|Any CPU
		Release|Any CPU = Release|Any CPU
	EndGlobalSection
	GlobalSection(ProjectConfigurationPlatforms) = postSolution
		{8CC1E449-8D91-413E-9C43-1231FB09D30A}.Debug|Any CPU.ActiveCfg = Debug|Any CPU
		{8CC1E449-8D91-413E-9C43-1231FB09D30A}.Debug|Any CPU.Build.0 = Debug|Any CPU
		{8CC1E449-8D91-413E-9C43-1231FB09D30A}.Release|Any CPU.ActiveCfg = Release|Any CPU
		{8CC1E449-8D91-413E-9C43-1231FB09D30A}.Release|Any CPU.Build.0 = Release|Any CPU
		{7F9898DE-75E1-4389-A65A-2D0B4556F76B}.Debug|Any CPU.ActiveCfg = Debug|Any CPU
		{7F9898DE-75E1-4389-A65A-2D0B4556F76B}.Debug|Any CPU.Build.0 = Debug|Any CPU
		{7F9898DE-75E1-4389-A65A-2D0B4556F76B}.Release|Any CPU.ActiveCfg = Release|Any CPU
		{7F9898DE-75E1-4389-A65A-2D0B4556F76B}.Release|Any CPU.Build.0 = Release|Any CPU
		{632ECD7A-E5C6-4F50-A27D-6758351D3101}.Debug|Any CPU.ActiveCfg = Debug|Any CPU
		{632ECD7A-E5C6-4F50-A27D-6758351D3101}.Debug|Any CPU.Build.0 = Debug|Any CPU
		{632ECD7A-E5C6-4F50-A27D-6758351D3101}.Release|Any CPU.ActiveCfg = Release|Any CPU
		{632ECD7A-E5C6-4F50-A27D-6758351D3101}.Release|Any CPU.Build.0 = Release|Any CPU
		{5CA2AC1A-02A9-44AD-91F6-1BAB6BD568E3}.Debug|Any CPU.ActiveCfg = Debug|Any CPU
		{5CA2AC1A-02A9-44AD-91F6-1BAB6BD568E3}.Debug|Any CPU.Build.0 = Debug|Any CPU
		{5CA2AC1A-02A9-44AD-91F6-1BAB6BD568E3}.Release|Any CPU.ActiveCfg = Release|Any CPU
		{5CA2AC1A-02A9-44AD-91F6-1BAB6BD568E3}.Release|Any CPU.Build.0 = Release|Any CPU
		{CEDE5952-8DF0-4A35-8B02-A576D881D8EC}.Debug|Any CPU.ActiveCfg = Debug|Any CPU
		{CEDE5952-8DF0-4A35-8B02-A576D881D8EC}.Debug|Any CPU.Build.0 = Debug|Any CPU
		{CEDE5952-8DF0-4A35-8B02-A576D881D8EC}.Release|Any CPU.ActiveCfg = Release|Any CPU
		{CEDE5952-8DF0-4A35-8B02-A576D881D8EC}.Release|Any CPU.Build.0 = Release|Any CPU
	EndGlobalSection
	GlobalSection(SolutionProperties) = preSolution
		HideSolutionNode = FALSE
	EndGlobalSection
	GlobalSection(ExtensibilityGlobals) = postSolution
		SolutionGuid = {8005669B-782C-4C0E-8A28-4E48CFDD8131}
	EndGlobalSection
EndGlobal
